
Microsoft Visual Studio Solution File, Format Version 12.00
# Visual Studio 15
VisualStudioVersion = 15.0.28010.2026
MinimumVisualStudioVersion = 10.0.40219.1
Project("{FAE04EC0-301F-11D3-BF4B-00C04F79EFBC}") = "FinalSimpleKnockout", "FinalSimpleKnockout\FinalSimpleKnockout.csproj", "{E7869E12-DF43-420D-8895-E60A62B94B5E}"
EndProject
Global
	GlobalSection(SolutionConfigurationPlatforms) = preSolution
		Debug|Any CPU = Debug|Any CPU
		Release|Any CPU = Release|Any CPU
	EndGlobalSection
	GlobalSection(ProjectConfigurationPlatforms) = postSolution
		{E7869E12-DF43-420D-8895-E60A62B94B5E}.Debug|Any CPU.ActiveCfg = Debug|Any CPU
		{E7869E12-DF43-420D-8895-E60A62B94B5E}.Debug|Any CPU.Build.0 = Debug|Any CPU
		{E7869E12-DF43-420D-8895-E60A62B94B5E}.Release|Any CPU.ActiveCfg = Release|Any CPU
		{E7869E12-DF43-420D-8895-E60A62B94B5E}.Release|Any CPU.Build.0 = Release|Any CPU
	EndGlobalSection
	GlobalSection(SolutionProperties) = preSolution
		HideSolutionNode = FALSE
	EndGlobalSection
	GlobalSection(ExtensibilityGlobals) = postSolution
		SolutionGuid = {F6FCE580-DADE-4FA5-867D-6132E5B37EFF}
	EndGlobalSection
EndGlobal
